
Microsoft Visual Studio Solution File, Format Version 12.00
# Visual Studio Version 17
VisualStudioVersion = 17.0.31919.166
MinimumVisualStudioVersion = 10.0.40219.1
Project("{FAE04EC0-301F-11D3-BF4B-00C04F79EFBC}") = "SomeCustomersApi", "SomeCustomersApi\SomeCustomersApi.csproj", "{DBAD406D-98A6-47AB-893D-FC1CF62CD573}"
EndProject
Project("{FAE04EC0-301F-11D3-BF4B-00C04F79EFBC}") = "DataAccessLayer", "DataAccessLayer\DataAccessLayer.csproj", "{03877F2B-41DE-46B1-B854-082318AB3E52}"
EndProject
Project("{FAE04EC0-301F-11D3-BF4B-00C04F79EFBC}") = "BusinessLogic", "BusinessLogic\BusinessLogic.csproj", "{61E09D43-DBA6-4B1B-8AC8-0D854369923A}"
EndProject
Project("{FAE04EC0-301F-11D3-BF4B-00C04F79EFBC}") = "Common", "Common\Common.csproj", "{B7319939-72FC-4762-9F7A-FE1539528C31}"
EndProject
Global
	GlobalSection(SolutionConfigurationPlatforms) = preSolution
		Debug|Any CPU = Debug|Any CPU
		Release|Any CPU = Release|Any CPU
	EndGlobalSection
	GlobalSection(ProjectConfigurationPlatforms) = postSolution
		{DBAD406D-98A6-47AB-893D-FC1CF62CD573}.Debug|Any CPU.ActiveCfg = Debug|Any CPU
		{DBAD406D-98A6-47AB-893D-FC1CF62CD573}.Debug|Any CPU.Build.0 = Debug|Any CPU
		{DBAD406D-98A6-47AB-893D-FC1CF62CD573}.Release|Any CPU.ActiveCfg = Release|Any CPU
		{DBAD406D-98A6-47AB-893D-FC1CF62CD573}.Release|Any CPU.Build.0 = Release|Any CPU
		{03877F2B-41DE-46B1-B854-082318AB3E52}.Debug|Any CPU.ActiveCfg = Debug|Any CPU
		{03877F2B-41DE-46B1-B854-082318AB3E52}.Debug|Any CPU.Build.0 = Debug|Any CPU
		{03877F2B-41DE-46B1-B854-082318AB3E52}.Release|Any CPU.ActiveCfg = Release|Any CPU
		{03877F2B-41DE-46B1-B854-082318AB3E52}.Release|Any CPU.Build.0 = Release|Any CPU
		{61E09D43-DBA6-4B1B-8AC8-0D854369923A}.Debug|Any CPU.ActiveCfg = Debug|Any CPU
		{61E09D43-DBA6-4B1B-8AC8-0D854369923A}.Debug|Any CPU.Build.0 = Debug|Any CPU
		{61E09D43-DBA6-4B1B-8AC8-0D854369923A}.Release|Any CPU.ActiveCfg = Release|Any CPU
		{61E09D43-DBA6-4B1B-8AC8-0D854369923A}.Release|Any CPU.Build.0 = Release|Any CPU
		{B7319939-72FC-4762-9F7A-FE1539528C31}.Debug|Any CPU.ActiveCfg = Debug|Any CPU
		{B7319939-72FC-4762-9F7A-FE1539528C31}.Debug|Any CPU.Build.0 = Debug|Any CPU
		{B7319939-72FC-4762-9F7A-FE1539528C31}.Release|Any CPU.ActiveCfg = Release|Any CPU
		{B7319939-72FC-4762-9F7A-FE1539528C31}.Release|Any CPU.Build.0 = Release|Any CPU
	EndGlobalSection
	GlobalSection(SolutionProperties) = preSolution
		HideSolutionNode = FALSE
	EndGlobalSection
	GlobalSection(ExtensibilityGlobals) = postSolution
		SolutionGuid = {CB4CD240-5E46-4C29-8E3C-1D22325780C9}
	EndGlobalSection
EndGlobal
